{
  "name": "chatify-app",
  "version": "1.0.0",
  "lockfileVersion": 3,
  "requires": true,
  "packages": {
    "": {
      "name": "chatify-app",
      "version": "1.0.0",
      "license": "ISC",
      "dependencies": {
        "@arcjet/inspect": "^1.0.0-beta.12",
        "@arcjet/node": "^1.0.0-beta.12"
      },
      "engines": {
        "node": ">=20.0.0"
      }
    },
    "node_modules/@arcjet/analyze": {
      "version": "1.0.0-beta.12",
      "resolved": "https://registry.npmjs.org/@arcjet/analyze/-/analyze-1.0.0-beta.12.tgz",
      "integrity": "sha512-8Q2yxR9TH0MUqoZmMxhB46jj0it0H7WKu0QBY8wBee6loKqavsrfWGofO/WjisRvMH5zOa1vaYbq4XB+iBDNWg==",
      "license": "Apache-2.0",
      "dependencies": {
        "@arcjet/analyze-wasm": "1.0.0-beta.12",
        "@arcjet/protocol": "1.0.0-beta.12"
      },
      "engines": {
        "node": ">=18"
      }
    },
    "node_modules/@arcjet/analyze-wasm": {
      "version": "1.0.0-beta.12",
      "resolved": "https://registry.npmjs.org/@arcjet/analyze-wasm/-/analyze-wasm-1.0.0-beta.12.tgz",
      "integrity": "sha512-RZIK3dK09ZSsrnXL5qWNNu03PJ1GE6at6rycFcOsCaAcjhB0xLDyDcyeJCVN66XwPbUL0EHm93P99I1RIs0A/g==",
      "license": "Apache-2.0",
      "engines": {
        "node": ">=18"
      }
    },
    "node_modules/@arcjet/body": {
      "version": "1.0.0-beta.12",
      "resolved": "https://registry.npmjs.org/@arcjet/body/-/body-1.0.0-beta.12.tgz",
      "integrity": "sha512-TE8o2uY7Dt02hVlcNf0+A9JjBQet75UMrXrpiPQZifvgTc1N6L8/hBZTkYGm3rjIo8PAg/amFZSRrp8WcCFYBQ==",
      "license": "Apache-2.0",
      "engines": {
        "node": ">=18"
      }
    },
    "node_modules/@arcjet/cache": {
      "version": "1.0.0-beta.12",
      "resolved": "https://registry.npmjs.org/@arcjet/cache/-/cache-1.0.0-beta.12.tgz",
      "integrity": "sha512-ndWLsa5GloLKM/yUnAty7teGdju3oQJ2IXHgbkWKae1jVf/OjnZ+qZ9y/ra8mMEfkmDKbcJ7XwPtE7LDqQ1kAw==",
      "license": "Apache-2.0",
      "engines": {
        "node": ">=18"
      }
    },
    "node_modules/@arcjet/duration": {
      "version": "1.0.0-beta.12",
      "resolved": "https://registry.npmjs.org/@arcjet/duration/-/duration-1.0.0-beta.12.tgz",
      "integrity": "sha512-I/nwWniZLfFF4o4xXHN7hs6B7r9zGp2eQCOUazx0Qj/gM7O9BVlVF2taby7+Dk4PVi6f2wpsz6NwMkzWC/n82Q==",
      "license": "Apache-2.0",
      "engines": {
        "node": ">=18"
      }
    },
    "node_modules/@arcjet/env": {
      "version": "1.0.0-beta.12",
      "resolved": "https://registry.npmjs.org/@arcjet/env/-/env-1.0.0-beta.12.tgz",
      "integrity": "sha512-vXLkVpnCpsoRruRP3WZhwzsT9/ak0ry5D+OglQWawfCgtXPZ33sLgmL/JQq4rNKq12kcJA0Yi9gfqeZDlLz1BQ==",
      "license": "Apache-2.0",
      "engines": {
        "node": ">=18"
      }
    },
    "node_modules/@arcjet/headers": {
      "version": "1.0.0-beta.12",
      "resolved": "https://registry.npmjs.org/@arcjet/headers/-/headers-1.0.0-beta.12.tgz",
      "integrity": "sha512-J/tFcDEXLsY4UtHw1KzE1RBJNzapELuHJNliOrFK0G1wJdaCLOrCfDIsCGO8Ujl5UdmJBIY0/ZwjI48OUqxZtg==",
      "license": "Apache-2.0",
      "engines": {
        "node": ">=18"
      }
    },
    "node_modules/@arcjet/inspect": {
      "version": "1.0.0-beta.12",
      "resolved": "https://registry.npmjs.org/@arcjet/inspect/-/inspect-1.0.0-beta.12.tgz",
      "integrity": "sha512-z8C0PgDvJh4mrYqCLWarnJqcyAlWjaTbs99YjZthvecTsGWiyVKVWfSY1nRCRc5BNXni5uj2FwRc23F3Q/nWag==",
      "license": "Apache-2.0",
      "dependencies": {
        "@arcjet/protocol": "1.0.0-beta.12"
      },
      "engines": {
        "node": ">=18"
      }
    },
    "node_modules/@arcjet/ip": {
      "version": "1.0.0-beta.12",
      "resolved": "https://registry.npmjs.org/@arcjet/ip/-/ip-1.0.0-beta.12.tgz",
      "integrity": "sha512-Xobwt6Fz1J14y3QhERf361xiqy+sAdl+x/mJokivcI+w0cbR/P0icgHpgfyv0B9mEkB3k1B1cOkOU+tksOEOnQ==",
      "license": "Apache-2.0",
      "engines": {
        "node": ">=18"
      }
    },
    "node_modules/@arcjet/logger": {
      "version": "1.0.0-beta.12",
      "resolved": "https://registry.npmjs.org/@arcjet/logger/-/logger-1.0.0-beta.12.tgz",
      "integrity": "sha512-8QrJebWEUKecEWuuVMk/vKFY0DaA4x2Muym8zMo5IJkXI7wKUtMf+NsBZjIaGu/kbNowycf2iJnWAwn+uGCadQ==",
      "license": "Apache-2.0",
      "dependencies": {
        "@arcjet/sprintf": "1.0.0-beta.12"
      },
      "engines": {
        "node": ">=18"
      }
    },
    "node_modules/@arcjet/node": {
      "version": "1.0.0-beta.12",
      "resolved": "https://registry.npmjs.org/@arcjet/node/-/node-1.0.0-beta.12.tgz",
      "integrity": "sha512-T69yiDeTr1+fWV4JPiDGTqifhLGjVSisa0n4FlxtG376jGHo9Ymt6bP5F84+Tx2uQAKFR9eWogknm2YvJJzUdA==",
      "license": "Apache-2.0",
      "dependencies": {
        "@arcjet/body": "1.0.0-beta.12",
        "@arcjet/env": "1.0.0-beta.12",
        "@arcjet/headers": "1.0.0-beta.12",
        "@arcjet/ip": "1.0.0-beta.12",
        "@arcjet/logger": "1.0.0-beta.12",
        "@arcjet/protocol": "1.0.0-beta.12",
        "@arcjet/transport": "1.0.0-beta.12",
        "arcjet": "1.0.0-beta.12"
      },
      "engines": {
        "node": ">=18"
      }
    },
    "node_modules/@arcjet/protocol": {
      "version": "1.0.0-beta.12",
      "resolved": "https://registry.npmjs.org/@arcjet/protocol/-/protocol-1.0.0-beta.12.tgz",
      "integrity": "sha512-aJK0TbV0dd+422McbbRd9E3e1iADz3gmr6fq+9cVfmEkEqo+EimphvqSpwfpYud4CDlHrUkiybitmR97Et4A6w==",
      "license": "Apache-2.0",
      "dependencies": {
        "@arcjet/cache": "1.0.0-beta.12",
        "@bufbuild/protobuf": "1.10.1",
        "@connectrpc/connect": "1.6.1",
        "typeid-js": "1.2.0"
      },
      "engines": {
        "node": ">=18"
      }
    },
    "node_modules/@arcjet/runtime": {
      "version": "1.0.0-beta.12",
      "resolved": "https://registry.npmjs.org/@arcjet/runtime/-/runtime-1.0.0-beta.12.tgz",
      "integrity": "sha512-jkPaARys+knMqhbbVBNP+shaldVH34lq5X8YRyHNpRMoF82IizdkKcYhoKjlMeuMJ7R6h8RaQj3z1LOReqCi+g==",
      "license": "Apache-2.0",
      "engines": {
        "node": ">=18"
      }
    },
    "node_modules/@arcjet/sprintf": {
      "version": "1.0.0-beta.12",
      "resolved": "https://registry.npmjs.org/@arcjet/sprintf/-/sprintf-1.0.0-beta.12.tgz",
      "integrity": "sha512-AVZo7Owda93uvU9H5I9aMV5W/4awXBDW2aIrUj+FWANg/fDFW8ppNBuKl9t0yVYc9KbZVYBAbe4LA3QOMO4+MA==",
      "license": "Apache-2.0",
      "engines": {
        "node": ">=18"
      }
    },
    "node_modules/@arcjet/stable-hash": {
      "version": "1.0.0-beta.12",
      "resolved": "https://registry.npmjs.org/@arcjet/stable-hash/-/stable-hash-1.0.0-beta.12.tgz",
      "integrity": "sha512-nz9VmURVVGKk/+YEH4/r4Kc3VdwnHohc5DibjKjBGL0VvnUg/rss2ZM+UIfgAYGSE4vdoc/IF4mbOz9cXLpfYQ==",
      "license": "Apache-2.0",
      "engines": {
        "node": ">=18"
      }
    },
    "node_modules/@arcjet/transport": {
      "version": "1.0.0-beta.12",
      "resolved": "https://registry.npmjs.org/@arcjet/transport/-/transport-1.0.0-beta.12.tgz",
      "integrity": "sha512-zT3xLWETdE+RnZSYTNtcHt+OS6HmXdo2ia7/RBy7hcNfHgBBixlHyy+xcIEQLfAA0qNQNEjWF3vMNR5dB4fh/A==",
      "license": "Apache-2.0",
      "dependencies": {
        "@bufbuild/protobuf": "1.10.1",
        "@connectrpc/connect": "1.6.1",
        "@connectrpc/connect-node": "1.6.1",
        "@connectrpc/connect-web": "1.6.1"
      },
      "engines": {
        "node": ">=18"
      }
    },
    "node_modules/@bufbuild/protobuf": {
      "version": "1.10.1",
      "resolved": "https://registry.npmjs.org/@bufbuild/protobuf/-/protobuf-1.10.1.tgz",
      "integrity": "sha512-wJ8ReQbHxsAfXhrf9ixl0aYbZorRuOWpBNzm8pL8ftmSxQx/wnJD5Eg861NwJU/czy2VXFIebCeZnZrI9rktIQ==",
      "license": "(Apache-2.0 AND BSD-3-Clause)"
    },
    "node_modules/@connectrpc/connect": {
      "version": "1.6.1",
      "resolved": "https://registry.npmjs.org/@connectrpc/connect/-/connect-1.6.1.tgz",
      "integrity": "sha512-KchMDNtU4CDTdkyf0qG7ugJ6qHTOR/aI7XebYn3OTCNagaDYWiZUVKgRgwH79yeMkpNgvEUaXSK7wKjaBK9b/Q==",
      "license": "Apache-2.0",
      "peerDependencies": {
        "@bufbuild/protobuf": "^1.10.0"
      }
    },
    "node_modules/@connectrpc/connect-node": {
      "version": "1.6.1",
      "resolved": "https://registry.npmjs.org/@connectrpc/connect-node/-/connect-node-1.6.1.tgz",
      "integrity": "sha512-DxcD1wsF/aX9GegjAtl7VbpiZNjVJozy87VbaFoN6AF0Ln1Q757r5dgV59Gz0wmlk5f17txUsrEr1f2inlnnAg==",
      "license": "Apache-2.0",
      "dependencies": {
        "undici": "^5.28.4"
      },
      "engines": {
        "node": ">=16.0.0"
      },
      "peerDependencies": {
        "@bufbuild/protobuf": "^1.10.0",
        "@connectrpc/connect": "1.6.1"
      }
    },
    "node_modules/@connectrpc/connect-web": {
      "version": "1.6.1",
      "resolved": "https://registry.npmjs.org/@connectrpc/connect-web/-/connect-web-1.6.1.tgz",
      "integrity": "sha512-GVfxQOmt3TtgTaKeXLS/EA2IHa3nHxwe2BCHT7X0Q/0hohM+nP5DDnIItGEjGrGdt3LTTqWqE4s70N4h+qIMlQ==",
      "license": "Apache-2.0",
      "peerDependencies": {
        "@bufbuild/protobuf": "^1.10.0",
        "@connectrpc/connect": "1.6.1"
      }
    },
    "node_modules/@fastify/busboy": {
      "version": "2.1.1",
      "resolved": "https://registry.npmjs.org/@fastify/busboy/-/busboy-2.1.1.tgz",
      "integrity": "sha512-vBZP4NlzfOlerQTnba4aqZoMhE/a9HY7HRqoOPaETQcSQuWEIyZMHGfVu6w9wGtGK5fED5qRs2DteVCjOH60sA==",
      "license": "MIT",
      "engines": {
        "node": ">=14"
      }
    },
    "node_modules/arcjet": {
      "version": "1.0.0-beta.12",
      "resolved": "https://registry.npmjs.org/arcjet/-/arcjet-1.0.0-beta.12.tgz",
      "integrity": "sha512-jAbMR3MqwK8YxbS5vk2orwjR99P3xzBIhGdR/zy36Gd7sxssX33mAn4vgbmUMI5x0K8ONIJeS9thVMBOMzFJeA==",
      "license": "Apache-2.0",
      "dependencies": {
        "@arcjet/analyze": "1.0.0-beta.12",
        "@arcjet/cache": "1.0.0-beta.12",
        "@arcjet/duration": "1.0.0-beta.12",
        "@arcjet/headers": "1.0.0-beta.12",
        "@arcjet/protocol": "1.0.0-beta.12",
        "@arcjet/runtime": "1.0.0-beta.12",
        "@arcjet/stable-hash": "1.0.0-beta.12"
      },
      "engines": {
        "node": ">=18"
      }
    },
    "node_modules/typeid-js": {
      "version": "1.2.0",
      "resolved": "https://registry.npmjs.org/typeid-js/-/typeid-js-1.2.0.tgz",
      "integrity": "sha512-t76ZucAnvGC60ea/HjVsB0TSoB0cw9yjnfurUgtInXQWUI/VcrlZGpO23KN3iSe8yOGUgb1zr7W7uEzJ3hSljA==",
      "license": "Apache-2.0",
      "dependencies": {
        "uuid": "^10.0.0"
      }
    },
    "node_modules/undici": {
      "version": "5.29.0",
      "resolved": "https://registry.npmjs.org/undici/-/undici-5.29.0.tgz",
      "integrity": "sha512-raqeBD6NQK4SkWhQzeYKd1KmIG6dllBOTt55Rmkt4HtI9mwdWtJljnrXjAFUBLTSN67HWrOIZ3EPF4kjUw80Bg==",
      "license": "MIT",
      "dependencies": {
        "@fastify/busboy": "^2.0.0"
      },
      "engines": {
        "node": ">=14.0"
      }
    },
    "node_modules/uuid": {
      "version": "10.0.0",
      "resolved": "https://registry.npmjs.org/uuid/-/uuid-10.0.0.tgz",
      "integrity": "sha512-8XkAphELsDnEGrDxUOHB3RGvXz6TeuYSGEZBOjtTtPm2lwhGBjLgOzLHB63IUWfBpNucQjND6d3AOudO+H3RWQ==",
      "funding": [
        "https://github.com/sponsors/broofa",
        "https://github.com/sponsors/ctavan"
      ],
      "license": "MIT",
      "bin": {
        "uuid": "dist/bin/uuid"
      }
    }
  }
}
